{
  "version": 4,
  "terraform_version": "0.12.23",
  "serial": 46,
  "lineage": "e5ef41dc-5028-5522-2a00-ec01714d99b6",
  "outputs": {},
  "resources": [
    {
      "mode": "managed",
      "type": "aws_instance",
      "name": "cd_ci",
      "provider": "provider.aws",
      "instances": [
        {
          "schema_version": 1,
          "attributes": {
            "ami": "ami-0e38b48473ea57778",
            "arn": "arn:aws:ec2:us-east-2:814123386301:instance/i-0e4cb9e8d7bddb38a",
            "associate_public_ip_address": true,
            "availability_zone": "us-east-2b",
            "cpu_core_count": 1,
            "cpu_threads_per_core": 1,
            "credit_specification": [
              {
                "cpu_credits": "standard"
              }
            ],
            "disable_api_termination": false,
            "ebs_block_device": [],
            "ebs_optimized": false,
            "ephemeral_block_device": [],
            "get_password_data": false,
            "hibernation": false,
            "host_id": null,
            "iam_instance_profile": "",
            "id": "i-0e4cb9e8d7bddb38a",
            "instance_initiated_shutdown_behavior": null,
            "instance_state": "running",
            "instance_type": "t2.micro",
            "ipv6_address_count": 0,
            "ipv6_addresses": [],
            "key_name": "deployer-key",
            "monitoring": false,
            "network_interface": [],
            "network_interface_id": null,
            "password_data": "",
            "placement_group": "",
            "primary_network_interface_id": "eni-0e8e9e0dab6f01da8",
            "private_dns": "ip-172-31-28-207.us-east-2.compute.internal",
            "private_ip": "172.31.28.207",
            "public_dns": "ec2-18-188-227-99.us-east-2.compute.amazonaws.com",
            "public_ip": "18.188.227.99",
            "root_block_device": [
              {
                "delete_on_termination": true,
                "encrypted": false,
                "iops": 100,
                "kms_key_id": "",
                "volume_id": "vol-0239cc2b5f6c28cfe",
                "volume_size": 8,
                "volume_type": "gp2"
              }
            ],
            "security_groups": [
              "deployer"
            ],
            "source_dest_check": true,
            "subnet_id": "subnet-a5624cdf",
            "tags": null,
            "tenancy": "default",
            "timeouts": null,
            "user_data": null,
            "user_data_base64": null,
            "volume_tags": {},
            "vpc_security_group_ids": [
              "sg-0ecd6d7696d072e79"
            ]
          },
          "private": "eyJlMmJmYjczMC1lY2FhLTExZTYtOGY4OC0zNDM2M2JjN2M0YzAiOnsiY3JlYXRlIjo2MDAwMDAwMDAwMDAsImRlbGV0ZSI6MTIwMDAwMDAwMDAwMCwidXBkYXRlIjo2MDAwMDAwMDAwMDB9LCJzY2hlbWFfdmVyc2lvbiI6IjEifQ==",
          "dependencies": [
            "aws_key_pair.deployer",
            "aws_security_group.deployer"
          ]
        }
      ]
    },
    {
      "mode": "managed",
      "type": "aws_key_pair",
      "name": "deployer",
      "provider": "provider.aws",
      "instances": [
        {
          "schema_version": 1,
          "attributes": {
            "fingerprint": "b5:c5:6d:54:6e:2a:81:c4:52:c6:97:55:7a:a2:fd:37",
            "id": "deployer-key",
            "key_name": "deployer-key",
            "key_name_prefix": null,
            "key_pair_id": "key-0dbbbfa6713a7fa93",
            "public_key": "ssh-rsa AAAAB3NzaC1yc2EAAAADAQABAAABAQCnpjBS6GhHCkwHXD+Xt0zreemRkDZaOlJJw9k3RIuFnXR2GVnbj0DuN2g0cxpes9+LbPk8fJJGXNhivrqEdZ9r70NL/TuU5snChJK1yf5xmBSm4KsTEO1ldSSGZ/5dafJyB2a5DPxLcUphm/5ya1rLBgL7NrhoWM7q9dIOpGs04IqQDHdd+uJmcGCMzvwJsq6FgxzFXUOIvb9chabzE0BmFeS29lcETe4KWd/W6FnwD3xLXYjeR6yqglROpgHbfkIyLApFzeugJg8hZOSQPBNRNtlJdPh8NI+OE0NP5rBT8Vp0NFgqNGNSjw5nO0O9DFpNr0vfa18iNfYwYNa2rwbv",
            "tags": null
          },
          "private": "eyJzY2hlbWFfdmVyc2lvbiI6IjEifQ=="
        }
      ]
    },
    {
      "mode": "managed",
      "type": "aws_security_group",
      "name": "deployer",
      "provider": "provider.aws",
      "instances": [
        {
          "schema_version": 1,
          "attributes": {
            "arn": "arn:aws:ec2:us-east-2:814123386301:security-group/sg-0ecd6d7696d072e79",
            "description": "Managed by Terraform",
            "egress": [
              {
                "cidr_blocks": [
                  "0.0.0.0/0"
                ],
                "description": "",
                "from_port": 0,
                "ipv6_cidr_blocks": [
                  "::/0"
                ],
                "prefix_list_ids": [],
                "protocol": "-1",
                "security_groups": [],
                "self": false,
                "to_port": 0
              }
            ],
            "id": "sg-0ecd6d7696d072e79",
            "ingress": [
              {
                "cidr_blocks": [
                  "0.0.0.0/0"
                ],
                "description": "",
                "from_port": 22,
                "ipv6_cidr_blocks": [
                  "::/0"
                ],
                "prefix_list_ids": [],
                "protocol": "tcp",
                "security_groups": [],
                "self": false,
                "to_port": 22
              }
            ],
            "name": "deployer",
            "name_prefix": null,
            "owner_id": "814123386301",
            "revoke_rules_on_delete": false,
            "tags": null,
            "timeouts": null,
            "vpc_id": "vpc-7030f91b"
          },
          "private": "eyJlMmJmYjczMC1lY2FhLTExZTYtOGY4OC0zNDM2M2JjN2M0YzAiOnsiY3JlYXRlIjo2MDAwMDAwMDAwMDAsImRlbGV0ZSI6NjAwMDAwMDAwMDAwfSwic2NoZW1hX3ZlcnNpb24iOiIxIn0="
        }
      ]
    }
  ]
}
